
Microsoft Visual Studio Solution File, Format Version 12.00
# Visual Studio Version 17
VisualStudioVersion = 17.10.35004.147
MinimumVisualStudioVersion = 10.0.40219.1
Project("{FAE04EC0-301F-11D3-BF4B-00C04F79EFBC}") = "CalculationOfRoots", "CalculationOfRoots\CalculationOfRoots.csproj", "{B7464AE3-9EDC-4BC8-B46D-34CD5F304290}"
EndProject
Project("{FAE04EC0-301F-11D3-BF4B-00C04F79EFBC}") = "CalculationOfRoots.Tests", "CalculationOfRoots.Tests\CalculationOfRoots.Tests.csproj", "{7AC2FC94-9952-4F77-A2C0-58F251CA17BF}"
EndProject
Global
	GlobalSection(SolutionConfigurationPlatforms) = preSolution
		Debug|Any CPU = Debug|Any CPU
		Release|Any CPU = Release|Any CPU
	EndGlobalSection
	GlobalSection(ProjectConfigurationPlatforms) = postSolution
		{B7464AE3-9EDC-4BC8-B46D-34CD5F304290}.Debug|Any CPU.ActiveCfg = Debug|Any CPU
		{B7464AE3-9EDC-4BC8-B46D-34CD5F304290}.Debug|Any CPU.Build.0 = Debug|Any CPU
		{B7464AE3-9EDC-4BC8-B46D-34CD5F304290}.Release|Any CPU.ActiveCfg = Release|Any CPU
		{B7464AE3-9EDC-4BC8-B46D-34CD5F304290}.Release|Any CPU.Build.0 = Release|Any CPU
		{7AC2FC94-9952-4F77-A2C0-58F251CA17BF}.Debug|Any CPU.ActiveCfg = Debug|Any CPU
		{7AC2FC94-9952-4F77-A2C0-58F251CA17BF}.Debug|Any CPU.Build.0 = Debug|Any CPU
		{7AC2FC94-9952-4F77-A2C0-58F251CA17BF}.Release|Any CPU.ActiveCfg = Release|Any CPU
		{7AC2FC94-9952-4F77-A2C0-58F251CA17BF}.Release|Any CPU.Build.0 = Release|Any CPU
	EndGlobalSection
	GlobalSection(SolutionProperties) = preSolution
		HideSolutionNode = FALSE
	EndGlobalSection
	GlobalSection(ExtensibilityGlobals) = postSolution
		SolutionGuid = {B76346E4-741A-4548-A7F8-B1B7A7268628}
	EndGlobalSection
EndGlobal
